
Microsoft Visual Studio Solution File, Format Version 12.00
# Visual Studio Version 17
VisualStudioVersion = 17.2.32526.322
MinimumVisualStudioVersion = 10.0.40219.1
Project("{FAE04EC0-301F-11D3-BF4B-00C04F79EFBC}") = "Fraction", "Fraction\Fraction.csproj", "{0BDEB3CB-8B88-4654-9DCB-A1AAC32426C4}"
EndProject
Global
	GlobalSection(SolutionConfigurationPlatforms) = preSolution
		Debug|Any CPU = Debug|Any CPU
		Release|Any CPU = Release|Any CPU
	EndGlobalSection
	GlobalSection(ProjectConfigurationPlatforms) = postSolution
		{0BDEB3CB-8B88-4654-9DCB-A1AAC32426C4}.Debug|Any CPU.ActiveCfg = Debug|Any CPU
		{0BDEB3CB-8B88-4654-9DCB-A1AAC32426C4}.Debug|Any CPU.Build.0 = Debug|Any CPU
		{0BDEB3CB-8B88-4654-9DCB-A1AAC32426C4}.Release|Any CPU.ActiveCfg = Release|Any CPU
		{0BDEB3CB-8B88-4654-9DCB-A1AAC32426C4}.Release|Any CPU.Build.0 = Release|Any CPU
	EndGlobalSection
	GlobalSection(SolutionProperties) = preSolution
		HideSolutionNode = FALSE
	EndGlobalSection
	GlobalSection(ExtensibilityGlobals) = postSolution
		SolutionGuid = {64568FB9-63B7-4D90-B4D4-EF9C8CE32F53}
	EndGlobalSection
EndGlobal
